# THIS IS AN AUTOGENERATED FILE. DO NOT EDIT THIS FILE DIRECTLY.
# yarn lockfile v1


"@effect-ts/core@^0.45.5":
  version "0.45.5"
  resolved "https://registry.yarnpkg.com/@effect-ts/core/-/core-0.45.5.tgz#ab984791cea4ad439c92a8c32a98fe10f9528ad4"
  integrity sha512-hLJNtd2/A1Lnf6O68bDmalah6Ep2rn+6X0Q7Gb9mHfcsHsdzZDbWti1GcRF0oqw0p6Q/jnv+Fxvg1Msc57hroQ==
  dependencies:
    "@effect-ts/system" "^0.42.5"

"@effect-ts/node@^0.30.0":
  version "0.30.0"
  resolved "https://registry.yarnpkg.com/@effect-ts/node/-/node-0.30.0.tgz#b36cac1c6f07eba02c372eea2cd372097ebc1302"
  integrity sha512-I5dpkTbkv8kIOJSKWFGMA/63leN909x0Ig59wnqzvdPxWqrsXcHudxW5iGFSSP1u31dnY7Ip2X0GVT9d1Z6fEw==

"@effect-ts/system@^0.42.5":
  version "0.42.5"
  resolved "https://registry.yarnpkg.com/@effect-ts/system/-/system-0.42.5.tgz#f8dbba53385ae63c841637625def53b3ba2d9415"
  integrity sha512-x+5vtAkfmUfzYQ80LpVyWjidHgNoIxelbtwfPC0mC2YQhgWzUL3rWpzJXvpas6mGzjJhpbcGuxvVL4q3K3ng6w==

"@effect-ts/tracing-plugin@^0.14.18":
  version "0.14.18"
  resolved "https://registry.yarnpkg.com/@effect-ts/tracing-plugin/-/tracing-plugin-0.14.18.tgz#9d9f677087cb9584524b4d18daa358c9d3debb3f"
  integrity sha512-ROdh+qYnhSxTV0uj954jMn+RRztPVp2+SJtssIp/ZBSvO11L8CtvsUvIUpObgodD6DNUuNyq0MVHPjTCtliZ5A==

typescript@^4.4.4:
  version "4.4.4"
  resolved "https://registry.yarnpkg.com/typescript/-/typescript-4.4.4.tgz#2cd01a1a1f160704d3101fd5a58ff0f9fcb8030c"
  integrity sha512-DqGhF5IKoBl8WNf8C1gu8q0xZSInh9j1kJJMqT3a94w1JzVaBU4EXOSMrz9yDqMT0xt3selp83fuFMQ0uzv6qA==
